
Microsoft Visual Studio Solution File, Format Version 12.00
# Visual Studio Version 16
VisualStudioVersion = 16.0.29709.97
MinimumVisualStudioVersion = 10.0.40219.1
Project("{FAE04EC0-301F-11D3-BF4B-00C04F79EFBC}") = "LawlerBallisticsDesk", "LawlerBallisticsDesk\LawlerBallisticsDesk.csproj", "{F436F26E-D7D6-4263-85B1-90FA6940E47B}"
EndProject
Project("{FAE04EC0-301F-11D3-BF4B-00C04F79EFBC}") = "LBbll", "LBbll\LBbll.csproj", "{BBB4FBCE-DE0E-409F-ADF2-15E613D8A62F}"
EndProject
Global
	GlobalSection(SolutionConfigurationPlatforms) = preSolution
		Debug|Any CPU = Debug|Any CPU
		Release|Any CPU = Release|Any CPU
	EndGlobalSection
	GlobalSection(ProjectConfigurationPlatforms) = postSolution
		{F436F26E-D7D6-4263-85B1-90FA6940E47B}.Debug|Any CPU.ActiveCfg = Debug|Any CPU
		{F436F26E-D7D6-4263-85B1-90FA6940E47B}.Debug|Any CPU.Build.0 = Debug|Any CPU
		{F436F26E-D7D6-4263-85B1-90FA6940E47B}.Release|Any CPU.ActiveCfg = Release|Any CPU
		{F436F26E-D7D6-4263-85B1-90FA6940E47B}.Release|Any CPU.Build.0 = Release|Any CPU
		{BBB4FBCE-DE0E-409F-ADF2-15E613D8A62F}.Debug|Any CPU.ActiveCfg = Debug|Any CPU
		{BBB4FBCE-DE0E-409F-ADF2-15E613D8A62F}.Debug|Any CPU.Build.0 = Debug|Any CPU
		{BBB4FBCE-DE0E-409F-ADF2-15E613D8A62F}.Release|Any CPU.ActiveCfg = Release|Any CPU
		{BBB4FBCE-DE0E-409F-ADF2-15E613D8A62F}.Release|Any CPU.Build.0 = Release|Any CPU
	EndGlobalSection
	GlobalSection(SolutionProperties) = preSolution
		HideSolutionNode = FALSE
	EndGlobalSection
	GlobalSection(ExtensibilityGlobals) = postSolution
		SolutionGuid = {2726A8F0-BEE6-4B7B-876F-F03C8DAD0756}
	EndGlobalSection
EndGlobal
